{
  "requires": true,
  "lockfileVersion": 1,
  "dependencies": {
    "dompurify": {
      "version": "2.0.7",
      "resolved": "https://registry.npmjs.org/dompurify/-/dompurify-2.0.7.tgz",
      "integrity": "sha512-S3O0lk6rFJtO01ZTzMollCOGg+WAtCwS3U5E2WSDY/x/sy7q70RjEC4Dmrih5/UqzLLB9XoKJ8KqwBxaNvBu4A=="
    }
  }
}
